
Microsoft Visual Studio Solution File, Format Version 12.00
# Visual Studio Version 17
VisualStudioVersion = 17.4.33213.308
MinimumVisualStudioVersion = 10.0.40219.1
Project("{2150E333-8FDC-42A3-9474-1A3956D46DE8}") = "Services", "Services", "{22A7F9FC-A406-42E1-8EE4-EB17CAB19E7C}"
EndProject
Project("{2150E333-8FDC-42A3-9474-1A3956D46DE8}") = "CustomerQuery", "CustomerQuery", "{60EFE6EC-2B0D-489F-9332-1485468E684C}"
EndProject
Project("{9A19103F-16F7-4668-BE54-9A1E7A4F7556}") = "CustomerQuery.API", "Services\CustomerQuery\CustomerQuery.API\CustomerQuery.API.csproj", "{5FE8BE97-22D5-42AD-84DF-77D47D1B7BEB}"
EndProject
Project("{E53339B2-1760-4266-BCC7-CA923CBCF16C}") = "docker-compose", "docker-compose.dcproj", "{5F30483A-1371-4BBD-9F45-F449EB8CCB80}"
EndProject
Project("{2150E333-8FDC-42A3-9474-1A3956D46DE8}") = "CustomerCommands", "CustomerCommands", "{49DFBE3C-7DB3-488A-A039-F3A330C63C50}"
EndProject
Project("{9A19103F-16F7-4668-BE54-9A1E7A4F7556}") = "CustomerCommands.API", "Services\CustomerCommands\CustomerCommands.API\CustomerCommands.API.csproj", "{E677ADBD-8592-4CEE-B923-6493978C4633}"
EndProject
Project("{9A19103F-16F7-4668-BE54-9A1E7A4F7556}") = "CustomerCommands.Domain", "Services\CustomerCommands\CustomerCommands.Domain\CustomerCommands.Domain.csproj", "{56A4FE10-BE2B-4E17-BBDA-F04319586764}"
EndProject
Project("{9A19103F-16F7-4668-BE54-9A1E7A4F7556}") = "CustomerCommands.Infrastructure", "Services\CustomerCommands\CustomerCommands.Infrastructure\CustomerCommands.Infrastructure.csproj", "{434A11CE-39A3-4BE5-AB2D-05F91DB48563}"
EndProject
Project("{9A19103F-16F7-4668-BE54-9A1E7A4F7556}") = "CustomerCommands.Application", "Services\CustomerCommands\CustomerCommands.Application\CustomerCommands.Application.csproj", "{EA552C6B-F945-41A5-827A-CF34F74F3A7B}"
EndProject
Global
	GlobalSection(SolutionConfigurationPlatforms) = preSolution
		Debug|Any CPU = Debug|Any CPU
		Debug|x64 = Debug|x64
		Release|Any CPU = Release|Any CPU
		Release|x64 = Release|x64
	EndGlobalSection
	GlobalSection(ProjectConfigurationPlatforms) = postSolution
		{5FE8BE97-22D5-42AD-84DF-77D47D1B7BEB}.Debug|Any CPU.ActiveCfg = Debug|Any CPU
		{5FE8BE97-22D5-42AD-84DF-77D47D1B7BEB}.Debug|Any CPU.Build.0 = Debug|Any CPU
		{5FE8BE97-22D5-42AD-84DF-77D47D1B7BEB}.Debug|x64.ActiveCfg = Debug|Any CPU
		{5FE8BE97-22D5-42AD-84DF-77D47D1B7BEB}.Debug|x64.Build.0 = Debug|Any CPU
		{5FE8BE97-22D5-42AD-84DF-77D47D1B7BEB}.Release|Any CPU.ActiveCfg = Release|Any CPU
		{5FE8BE97-22D5-42AD-84DF-77D47D1B7BEB}.Release|Any CPU.Build.0 = Release|Any CPU
		{5FE8BE97-22D5-42AD-84DF-77D47D1B7BEB}.Release|x64.ActiveCfg = Release|Any CPU
		{5FE8BE97-22D5-42AD-84DF-77D47D1B7BEB}.Release|x64.Build.0 = Release|Any CPU
		{5F30483A-1371-4BBD-9F45-F449EB8CCB80}.Debug|Any CPU.ActiveCfg = Debug|Any CPU
		{5F30483A-1371-4BBD-9F45-F449EB8CCB80}.Debug|Any CPU.Build.0 = Debug|Any CPU
		{5F30483A-1371-4BBD-9F45-F449EB8CCB80}.Debug|x64.ActiveCfg = Debug|Any CPU
		{5F30483A-1371-4BBD-9F45-F449EB8CCB80}.Debug|x64.Build.0 = Debug|Any CPU
		{5F30483A-1371-4BBD-9F45-F449EB8CCB80}.Release|Any CPU.ActiveCfg = Release|Any CPU
		{5F30483A-1371-4BBD-9F45-F449EB8CCB80}.Release|Any CPU.Build.0 = Release|Any CPU
		{5F30483A-1371-4BBD-9F45-F449EB8CCB80}.Release|x64.ActiveCfg = Release|Any CPU
		{5F30483A-1371-4BBD-9F45-F449EB8CCB80}.Release|x64.Build.0 = Release|Any CPU
		{E677ADBD-8592-4CEE-B923-6493978C4633}.Debug|Any CPU.ActiveCfg = Debug|Any CPU
		{E677ADBD-8592-4CEE-B923-6493978C4633}.Debug|Any CPU.Build.0 = Debug|Any CPU
		{E677ADBD-8592-4CEE-B923-6493978C4633}.Debug|x64.ActiveCfg = Debug|Any CPU
		{E677ADBD-8592-4CEE-B923-6493978C4633}.Debug|x64.Build.0 = Debug|Any CPU
		{E677ADBD-8592-4CEE-B923-6493978C4633}.Release|Any CPU.ActiveCfg = Release|Any CPU
		{E677ADBD-8592-4CEE-B923-6493978C4633}.Release|Any CPU.Build.0 = Release|Any CPU
		{E677ADBD-8592-4CEE-B923-6493978C4633}.Release|x64.ActiveCfg = Release|Any CPU
		{E677ADBD-8592-4CEE-B923-6493978C4633}.Release|x64.Build.0 = Release|Any CPU
		{56A4FE10-BE2B-4E17-BBDA-F04319586764}.Debug|Any CPU.ActiveCfg = Debug|Any CPU
		{56A4FE10-BE2B-4E17-BBDA-F04319586764}.Debug|Any CPU.Build.0 = Debug|Any CPU
		{56A4FE10-BE2B-4E17-BBDA-F04319586764}.Debug|x64.ActiveCfg = Debug|Any CPU
		{56A4FE10-BE2B-4E17-BBDA-F04319586764}.Debug|x64.Build.0 = Debug|Any CPU
		{56A4FE10-BE2B-4E17-BBDA-F04319586764}.Release|Any CPU.ActiveCfg = Release|Any CPU
		{56A4FE10-BE2B-4E17-BBDA-F04319586764}.Release|Any CPU.Build.0 = Release|Any CPU
		{56A4FE10-BE2B-4E17-BBDA-F04319586764}.Release|x64.ActiveCfg = Release|Any CPU
		{56A4FE10-BE2B-4E17-BBDA-F04319586764}.Release|x64.Build.0 = Release|Any CPU
		{434A11CE-39A3-4BE5-AB2D-05F91DB48563}.Debug|Any CPU.ActiveCfg = Debug|Any CPU
		{434A11CE-39A3-4BE5-AB2D-05F91DB48563}.Debug|Any CPU.Build.0 = Debug|Any CPU
		{434A11CE-39A3-4BE5-AB2D-05F91DB48563}.Debug|x64.ActiveCfg = Debug|Any CPU
		{434A11CE-39A3-4BE5-AB2D-05F91DB48563}.Debug|x64.Build.0 = Debug|Any CPU
		{434A11CE-39A3-4BE5-AB2D-05F91DB48563}.Release|Any CPU.ActiveCfg = Release|Any CPU
		{434A11CE-39A3-4BE5-AB2D-05F91DB48563}.Release|Any CPU.Build.0 = Release|Any CPU
		{434A11CE-39A3-4BE5-AB2D-05F91DB48563}.Release|x64.ActiveCfg = Release|Any CPU
		{434A11CE-39A3-4BE5-AB2D-05F91DB48563}.Release|x64.Build.0 = Release|Any CPU
		{EA552C6B-F945-41A5-827A-CF34F74F3A7B}.Debug|Any CPU.ActiveCfg = Debug|Any CPU
		{EA552C6B-F945-41A5-827A-CF34F74F3A7B}.Debug|Any CPU.Build.0 = Debug|Any CPU
		{EA552C6B-F945-41A5-827A-CF34F74F3A7B}.Debug|x64.ActiveCfg = Debug|Any CPU
		{EA552C6B-F945-41A5-827A-CF34F74F3A7B}.Debug|x64.Build.0 = Debug|Any CPU
		{EA552C6B-F945-41A5-827A-CF34F74F3A7B}.Release|Any CPU.ActiveCfg = Release|Any CPU
		{EA552C6B-F945-41A5-827A-CF34F74F3A7B}.Release|Any CPU.Build.0 = Release|Any CPU
		{EA552C6B-F945-41A5-827A-CF34F74F3A7B}.Release|x64.ActiveCfg = Release|Any CPU
		{EA552C6B-F945-41A5-827A-CF34F74F3A7B}.Release|x64.Build.0 = Release|Any CPU
	EndGlobalSection
	GlobalSection(SolutionProperties) = preSolution
		HideSolutionNode = FALSE
	EndGlobalSection
	GlobalSection(NestedProjects) = preSolution
		{60EFE6EC-2B0D-489F-9332-1485468E684C} = {22A7F9FC-A406-42E1-8EE4-EB17CAB19E7C}
		{5FE8BE97-22D5-42AD-84DF-77D47D1B7BEB} = {60EFE6EC-2B0D-489F-9332-1485468E684C}
		{49DFBE3C-7DB3-488A-A039-F3A330C63C50} = {22A7F9FC-A406-42E1-8EE4-EB17CAB19E7C}
		{E677ADBD-8592-4CEE-B923-6493978C4633} = {49DFBE3C-7DB3-488A-A039-F3A330C63C50}
		{56A4FE10-BE2B-4E17-BBDA-F04319586764} = {49DFBE3C-7DB3-488A-A039-F3A330C63C50}
		{434A11CE-39A3-4BE5-AB2D-05F91DB48563} = {49DFBE3C-7DB3-488A-A039-F3A330C63C50}
		{EA552C6B-F945-41A5-827A-CF34F74F3A7B} = {49DFBE3C-7DB3-488A-A039-F3A330C63C50}
	EndGlobalSection
	GlobalSection(ExtensibilityGlobals) = postSolution
		SolutionGuid = {0BAC4880-54E0-4A01-A87F-FB59CF56113A}
	EndGlobalSection
EndGlobal
